
Microsoft Visual Studio Solution File, Format Version 12.00
# Visual Studio Version 17
VisualStudioVersion = 17.11.35222.181
MinimumVisualStudioVersion = 10.0.40219.1
Project("{FAE04EC0-301F-11D3-BF4B-00C04F79EFBC}") = "UMN IN 1", "UMN IN 1\UMN IN 1.csproj", "{D7C86D75-7239-47B1-80AF-522D099C87EE}"
EndProject
Global
	GlobalSection(SolutionConfigurationPlatforms) = preSolution
		Debug|Any CPU = Debug|Any CPU
		Release|Any CPU = Release|Any CPU
	EndGlobalSection
	GlobalSection(ProjectConfigurationPlatforms) = postSolution
		{D7C86D75-7239-47B1-80AF-522D099C87EE}.Debug|Any CPU.ActiveCfg = Debug|Any CPU
		{D7C86D75-7239-47B1-80AF-522D099C87EE}.Debug|Any CPU.Build.0 = Debug|Any CPU
		{D7C86D75-7239-47B1-80AF-522D099C87EE}.Release|Any CPU.ActiveCfg = Release|Any CPU
		{D7C86D75-7239-47B1-80AF-522D099C87EE}.Release|Any CPU.Build.0 = Release|Any CPU
	EndGlobalSection
	GlobalSection(SolutionProperties) = preSolution
		HideSolutionNode = FALSE
	EndGlobalSection
	GlobalSection(ExtensibilityGlobals) = postSolution
		SolutionGuid = {A0D13037-F122-45B2-B08B-8D20D965CC4A}
	EndGlobalSection
EndGlobal
